// !$*UTF8*$!
{
	archiveVersion = 1;
	classes = {
	};
	objectVersion = 55;
	objects = {

/* Begin PBXBuildFile section */
		11D827DC34EA396ACF846D43 /* Pods_SafeCryptoTrader.framework in Frameworks */ = {isa = PBXBuildFile; fileRef = EEE17D2D06FF5121E42BF006 /* Pods_SafeCryptoTrader.framework */; };
		9E36AFB42733FAF9002FD709 /* AppDelegate.swift in Sources */ = {isa = PBXBuildFile; fileRef = 9E36AFB32733FAF9002FD709 /* AppDelegate.swift */; };
		9E36AFB62733FAF9002FD709 /* SceneDelegate.swift in Sources */ = {isa = PBXBuildFile; fileRef = 9E36AFB52733FAF9002FD709 /* SceneDelegate.swift */; };
		9E36AFBB2733FAF9002FD709 /* Main.storyboard in Resources */ = {isa = PBXBuildFile; fileRef = 9E36AFB92733FAF9002FD709 /* Main.storyboard */; };
		9E36AFBE2733FAF9002FD709 /* SafeCryptoTrader.xcdatamodeld in Sources */ = {isa = PBXBuildFile; fileRef = 9E36AFBC2733FAF9002FD709 /* SafeCryptoTrader.xcdatamodeld */; };
		9E36AFC02733FAFA002FD709 /* Assets.xcassets in Resources */ = {isa = PBXBuildFile; fileRef = 9E36AFBF2733FAFA002FD709 /* Assets.xcassets */; };
		9E36AFC32733FAFA002FD709 /* LaunchScreen.storyboard in Resources */ = {isa = PBXBuildFile; fileRef = 9E36AFC12733FAFA002FD709 /* LaunchScreen.storyboard */; };
		9E36AFD227342040002FD709 /* LoginViewController.swift in Sources */ = {isa = PBXBuildFile; fileRef = 9E36AFD127342040002FD709 /* LoginViewController.swift */; };
		9E36AFD6273426F2002FD709 /* Alerts.swift in Sources */ = {isa = PBXBuildFile; fileRef = 9E36AFD5273426F2002FD709 /* Alerts.swift */; };
		9E36AFD82734286D002FD709 /* SignUpViewController.swift in Sources */ = {isa = PBXBuildFile; fileRef = 9E36AFD72734286D002FD709 /* SignUpViewController.swift */; };
		9E36AFDB273428A4002FD709 /* HomeViewController.swift in Sources */ = {isa = PBXBuildFile; fileRef = 9E36AFDA273428A3002FD709 /* HomeViewController.swift */; };
		9E36AFDD27342C45002FD709 /* StartupViewController.swift in Sources */ = {isa = PBXBuildFile; fileRef = 9E36AFDC27342C45002FD709 /* StartupViewController.swift */; };
		9E36AFE327344DF1002FD709 /* UserRepository.swift in Sources */ = {isa = PBXBuildFile; fileRef = 9E36AFE227344DF1002FD709 /* UserRepository.swift */; };
		9E36AFE52734509D002FD709 /* FormHelper.swift in Sources */ = {isa = PBXBuildFile; fileRef = 9E36AFE42734509D002FD709 /* FormHelper.swift */; };
		9E36AFE727346321002FD709 /* TabBarController.swift in Sources */ = {isa = PBXBuildFile; fileRef = 9E36AFE627346321002FD709 /* TabBarController.swift */; };
		9E36AFE927346C7A002FD709 /* UiHelper.swift in Sources */ = {isa = PBXBuildFile; fileRef = 9E36AFE827346C7A002FD709 /* UiHelper.swift */; };
		9E36AFEB27346CDF002FD709 /* Constants.swift in Sources */ = {isa = PBXBuildFile; fileRef = 9E36AFEA27346CDF002FD709 /* Constants.swift */; };
		9E36AFED27346E2B002FD709 /* ExchangeViewController.swift in Sources */ = {isa = PBXBuildFile; fileRef = 9E36AFEC27346E2B002FD709 /* ExchangeViewController.swift */; };
		9E36AFEF27346E58002FD709 /* ProfileViewController.swift in Sources */ = {isa = PBXBuildFile; fileRef = 9E36AFEE27346E58002FD709 /* ProfileViewController.swift */; };
		9E36AFF127347419002FD709 /* User.swift in Sources */ = {isa = PBXBuildFile; fileRef = 9E36AFF027347419002FD709 /* User.swift */; };
		9E36AFF327351F06002FD709 /* CryptoService.swift in Sources */ = {isa = PBXBuildFile; fileRef = 9E36AFF227351F06002FD709 /* CryptoService.swift */; };
		9E36AFF72735205F002FD709 /* BitcoinPriceResponse.swift in Sources */ = {isa = PBXBuildFile; fileRef = 9E36AFF62735205F002FD709 /* BitcoinPriceResponse.swift */; };
		9E36AFF9273520EE002FD709 /* BitcoinPrice.swift in Sources */ = {isa = PBXBuildFile; fileRef = 9E36AFF8273520EE002FD709 /* BitcoinPrice.swift */; };
		9E36AFFB27354B21002FD709 /* FormattingHelper.swift in Sources */ = {isa = PBXBuildFile; fileRef = 9E36AFFA27354B21002FD709 /* FormattingHelper.swift */; };
		9E36AFFD27356A7E002FD709 /* Currency.swift in Sources */ = {isa = PBXBuildFile; fileRef = 9E36AFFC27356A7E002FD709 /* Currency.swift */; };
		9E36AFFF27359454002FD709 /* TransactionTableViewCell.swift in Sources */ = {isa = PBXBuildFile; fileRef = 9E36AFFE27359454002FD709 /* TransactionTableViewCell.swift */; };
		9E36B0012735989A002FD709 /* DateFormatter.swift in Sources */ = {isa = PBXBuildFile; fileRef = 9E36B0002735989A002FD709 /* DateFormatter.swift */; };
		9E36B003273654B5002FD709 /* GoogleService-Info.plist in Resources */ = {isa = PBXBuildFile; fileRef = 9E36B002273654B5002FD709 /* GoogleService-Info.plist */; };
		ABD6E3ED273A91F0008E046E /* AuthenticationService.swift in Sources */ = {isa = PBXBuildFile; fileRef = ABD6E3EC273A91F0008E046E /* AuthenticationService.swift */; };
		ABD6E3EF273AA104008E046E /* OrientationHelper.swift in Sources */ = {isa = PBXBuildFile; fileRef = ABD6E3EE273AA104008E046E /* OrientationHelper.swift */; };
/* End PBXBuildFile section */

/* Begin PBXFileReference section */
		9E36AFB02733FAF9002FD709 /* SafeCryptoTrader.app */ = {isa = PBXFileReference; explicitFileType = wrapper.application; includeInIndex = 0; path = SafeCryptoTrader.app; sourceTree = BUILT_PRODUCTS_DIR; };
		9E36AFB32733FAF9002FD709 /* AppDelegate.swift */ = {isa = PBXFileReference; lastKnownFileType = sourcecode.swift; path = AppDelegate.swift; sourceTree = "<group>"; };
		9E36AFB52733FAF9002FD709 /* SceneDelegate.swift */ = {isa = PBXFileReference; lastKnownFileType = sourcecode.swift; path = SceneDelegate.swift; sourceTree = "<group>"; };
		9E36AFBA2733FAF9002FD709 /* Base */ = {isa = PBXFileReference; lastKnownFileType = file.storyboard; name = Base; path = Base.lproj/Main.storyboard; sourceTree = "<group>"; };
		9E36AFBD2733FAF9002FD709 /* SafeCryptoTrader.xcdatamodel */ = {isa = PBXFileReference; lastKnownFileType = wrapper.xcdatamodel; path = SafeCryptoTrader.xcdatamodel; sourceTree = "<group>"; };
		9E36AFBF2733FAFA002FD709 /* Assets.xcassets */ = {isa = PBXFileReference; lastKnownFileType = folder.assetcatalog; path = Assets.xcassets; sourceTree = "<group>"; };
		9E36AFC22733FAFA002FD709 /* Base */ = {isa = PBXFileReference; lastKnownFileType = file.storyboard; name = Base; path = Base.lproj/LaunchScreen.storyboard; sourceTree = "<group>"; };
		9E36AFC42733FAFA002FD709 /* Info.plist */ = {isa = PBXFileReference; lastKnownFileType = text.plist.xml; path = Info.plist; sourceTree = "<group>"; };
		9E36AFD127342040002FD709 /* LoginViewController.swift */ = {isa = PBXFileReference; lastKnownFileType = sourcecode.swift; path = LoginViewController.swift; sourceTree = "<group>"; };
		9E36AFD5273426F2002FD709 /* Alerts.swift */ = {isa = PBXFileReference; lastKnownFileType = sourcecode.swift; path = Alerts.swift; sourceTree = "<group>"; };
		9E36AFD72734286D002FD709 /* SignUpViewController.swift */ = {isa = PBXFileReference; lastKnownFileType = sourcecode.swift; path = SignUpViewController.swift; sourceTree = "<group>"; };
		9E36AFDA273428A3002FD709 /* HomeViewController.swift */ = {isa = PBXFileReference; lastKnownFileType = sourcecode.swift; path = HomeViewController.swift; sourceTree = "<group>"; };
		9E36AFDC27342C45002FD709 /* StartupViewController.swift */ = {isa = PBXFileReference; lastKnownFileType = sourcecode.swift; path = StartupViewController.swift; sourceTree = "<group>"; };
		9E36AFE227344DF1002FD709 /* UserRepository.swift */ = {isa = PBXFileReference; lastKnownFileType = sourcecode.swift; path = UserRepository.swift; sourceTree = "<group>"; };
		9E36AFE42734509D002FD709 /* FormHelper.swift */ = {isa = PBXFileReference; lastKnownFileType = sourcecode.swift; path = FormHelper.swift; sourceTree = "<group>"; };
		9E36AFE627346321002FD709 /* TabBarController.swift */ = {isa = PBXFileReference; lastKnownFileType = sourcecode.swift; path = TabBarController.swift; sourceTree = "<group>"; };
		9E36AFE827346C7A002FD709 /* UiHelper.swift */ = {isa = PBXFileReference; lastKnownFileType = sourcecode.swift; path = UiHelper.swift; sourceTree = "<group>"; };
		9E36AFEA27346CDF002FD709 /* Constants.swift */ = {isa = PBXFileReference; lastKnownFileType = sourcecode.swift; path = Constants.swift; sourceTree = "<group>"; };
		9E36AFEC27346E2B002FD709 /* ExchangeViewController.swift */ = {isa = PBXFileReference; lastKnownFileType = sourcecode.swift; path = ExchangeViewController.swift; sourceTree = "<group>"; };
		9E36AFEE27346E58002FD709 /* ProfileViewController.swift */ = {isa = PBXFileReference; lastKnownFileType = sourcecode.swift; path = ProfileViewController.swift; sourceTree = "<group>"; };
		9E36AFF027347419002FD709 /* User.swift */ = {isa = PBXFileReference; lastKnownFileType = sourcecode.swift; path = User.swift; sourceTree = "<group>"; };
		9E36AFF227351F06002FD709 /* CryptoService.swift */ = {isa = PBXFileReference; lastKnownFileType = sourcecode.swift; path = CryptoService.swift; sourceTree = "<group>"; };
		9E36AFF62735205F002FD709 /* BitcoinPriceResponse.swift */ = {isa = PBXFileReference; lastKnownFileType = sourcecode.swift; path = BitcoinPriceResponse.swift; sourceTree = "<group>"; };
		9E36AFF8273520EE002FD709 /* BitcoinPrice.swift */ = {isa = PBXFileReference; lastKnownFileType = sourcecode.swift; path = BitcoinPrice.swift; sourceTree = "<group>"; };
		9E36AFFA27354B21002FD709 /* FormattingHelper.swift */ = {isa = PBXFileReference; lastKnownFileType = sourcecode.swift; path = FormattingHelper.swift; sourceTree = "<group>"; };
		9E36AFFC27356A7E002FD709 /* Currency.swift */ = {isa = PBXFileReference; lastKnownFileType = sourcecode.swift; path = Currency.swift; sourceTree = "<group>"; };
		9E36AFFE27359454002FD709 /* TransactionTableViewCell.swift */ = {isa = PBXFileReference; lastKnownFileType = sourcecode.swift; path = TransactionTableViewCell.swift; sourceTree = "<group>"; };
		9E36B0002735989A002FD709 /* DateFormatter.swift */ = {isa = PBXFileReference; lastKnownFileType = sourcecode.swift; path = DateFormatter.swift; sourceTree = "<group>"; };
		9E36B002273654B5002FD709 /* GoogleService-Info.plist */ = {isa = PBXFileReference; fileEncoding = 4; lastKnownFileType = text.plist.xml; path = "GoogleService-Info.plist"; sourceTree = "<group>"; };
		ABD6E3EC273A91F0008E046E /* AuthenticationService.swift */ = {isa = PBXFileReference; lastKnownFileType = sourcecode.swift; path = AuthenticationService.swift; sourceTree = "<group>"; };
		ABD6E3EE273AA104008E046E /* OrientationHelper.swift */ = {isa = PBXFileReference; lastKnownFileType = sourcecode.swift; path = OrientationHelper.swift; sourceTree = "<group>"; };
		B94D747EA8F03490B88873B3 /* Pods-SafeCryptoTrader.release.xcconfig */ = {isa = PBXFileReference; includeInIndex = 1; lastKnownFileType = text.xcconfig; name = "Pods-SafeCryptoTrader.release.xcconfig"; path = "Target Support Files/Pods-SafeCryptoTrader/Pods-SafeCryptoTrader.release.xcconfig"; sourceTree = "<group>"; };
		D3EBD03BACFAEB7F4B42FE47 /* Pods-SafeCryptoTrader.debug.xcconfig */ = {isa = PBXFileReference; includeInIndex = 1; lastKnownFileType = text.xcconfig; name = "Pods-SafeCryptoTrader.debug.xcconfig"; path = "Target Support Files/Pods-SafeCryptoTrader/Pods-SafeCryptoTrader.debug.xcconfig"; sourceTree = "<group>"; };
		EEE17D2D06FF5121E42BF006 /* Pods_SafeCryptoTrader.framework */ = {isa = PBXFileReference; explicitFileType = wrapper.framework; includeInIndex = 0; path = Pods_SafeCryptoTrader.framework; sourceTree = BUILT_PRODUCTS_DIR; };
/* End PBXFileReference section */

/* Begin PBXFrameworksBuildPhase section */
		9E36AFAD2733FAF9002FD709 /* Frameworks */ = {
			isa = PBXFrameworksBuildPhase;
			buildActionMask = 2147483647;
			files = (
				11D827DC34EA396ACF846D43 /* Pods_SafeCryptoTrader.framework in Frameworks */,
			);
			runOnlyForDeploymentPostprocessing = 0;
		};
/* End PBXFrameworksBuildPhase section */

/* Begin PBXGroup section */
		0AD8B0FCF4382C9B1677F287 /* Frameworks */ = {
			isa = PBXGroup;
			children = (
				EEE17D2D06FF5121E42BF006 /* Pods_SafeCryptoTrader.framework */,
			);
			name = Frameworks;
			sourceTree = "<group>";
		};
		873727AAD27926CE39B4D427 /* Pods */ = {
			isa = PBXGroup;
			children = (
				D3EBD03BACFAEB7F4B42FE47 /* Pods-SafeCryptoTrader.debug.xcconfig */,
				B94D747EA8F03490B88873B3 /* Pods-SafeCryptoTrader.release.xcconfig */,
			);
			path = Pods;
			sourceTree = "<group>";
		};
		9E36AFA72733FAF9002FD709 = {
			isa = PBXGroup;
			children = (
				9E36B002273654B5002FD709 /* GoogleService-Info.plist */,
				9E36AFB22733FAF9002FD709 /* SafeCryptoTrader */,
				9E36AFB12733FAF9002FD709 /* Products */,
				873727AAD27926CE39B4D427 /* Pods */,
				0AD8B0FCF4382C9B1677F287 /* Frameworks */,
			);
			sourceTree = "<group>";
		};
		9E36AFB12733FAF9002FD709 /* Products */ = {
			isa = PBXGroup;
			children = (
				9E36AFB02733FAF9002FD709 /* SafeCryptoTrader.app */,
			);
			name = Products;
			sourceTree = "<group>";
		};
		9E36AFB22733FAF9002FD709 /* SafeCryptoTrader */ = {
			isa = PBXGroup;
			children = (
				9E36AFD02734202B002FD709 /* Controller */,
				9E36AFCF27342025002FD709 /* View */,
				9E36AFCE2734201D002FD709 /* Model */,
				9E36AFB32733FAF9002FD709 /* AppDelegate.swift */,
				9E36AFB52733FAF9002FD709 /* SceneDelegate.swift */,
				9E36AFB92733FAF9002FD709 /* Main.storyboard */,
				9E36AFBF2733FAFA002FD709 /* Assets.xcassets */,
				9E36AFC12733FAFA002FD709 /* LaunchScreen.storyboard */,
				9E36AFC42733FAFA002FD709 /* Info.plist */,
				9E36AFBC2733FAF9002FD709 /* SafeCryptoTrader.xcdatamodeld */,
				ABD6E3EC273A91F0008E046E /* AuthenticationService.swift */,
			);
			path = SafeCryptoTrader;
			sourceTree = "<group>";
		};
		9E36AFCE2734201D002FD709 /* Model */ = {
			isa = PBXGroup;
			children = (
				9E36AFF527352044002FD709 /* Crypto */,
				9E36AFF427352034002FD709 /* User */,
			);
			path = Model;
			sourceTree = "<group>";
		};
		9E36AFCF27342025002FD709 /* View */ = {
			isa = PBXGroup;
			children = (
			);
			path = View;
			sourceTree = "<group>";
		};
		9E36AFD02734202B002FD709 /* Controller */ = {
			isa = PBXGroup;
			children = (
				9E36AFD92734288E002FD709 /* Helpers */,
				9E36AFD127342040002FD709 /* LoginViewController.swift */,
				9E36AFD72734286D002FD709 /* SignUpViewController.swift */,
				9E36AFDA273428A3002FD709 /* HomeViewController.swift */,
				9E36AFDC27342C45002FD709 /* StartupViewController.swift */,
				9E36AFE627346321002FD709 /* TabBarController.swift */,
				9E36AFEC27346E2B002FD709 /* ExchangeViewController.swift */,
				9E36AFEE27346E58002FD709 /* ProfileViewController.swift */,
				9E36AFFE27359454002FD709 /* TransactionTableViewCell.swift */,
			);
			path = Controller;
			sourceTree = "<group>";
		};
		9E36AFD92734288E002FD709 /* Helpers */ = {
			isa = PBXGroup;
			children = (
				9E36AFD5273426F2002FD709 /* Alerts.swift */,
				9E36AFE42734509D002FD709 /* FormHelper.swift */,
				9E36AFE827346C7A002FD709 /* UiHelper.swift */,
				9E36AFEA27346CDF002FD709 /* Constants.swift */,
				9E36AFFA27354B21002FD709 /* FormattingHelper.swift */,
				9E36B0002735989A002FD709 /* DateFormatter.swift */,
				ABD6E3EE273AA104008E046E /* OrientationHelper.swift */,
			);
			path = Helpers;
			sourceTree = "<group>";
		};
		9E36AFF427352034002FD709 /* User */ = {
			isa = PBXGroup;
			children = (
				9E36AFE227344DF1002FD709 /* UserRepository.swift */,
				9E36AFF027347419002FD709 /* User.swift */,
			);
			path = User;
			sourceTree = "<group>";
		};
		9E36AFF527352044002FD709 /* Crypto */ = {
			isa = PBXGroup;
			children = (
				9E36AFF227351F06002FD709 /* CryptoService.swift */,
				9E36AFF62735205F002FD709 /* BitcoinPriceResponse.swift */,
				9E36AFF8273520EE002FD709 /* BitcoinPrice.swift */,
				9E36AFFC27356A7E002FD709 /* Currency.swift */,
			);
			path = Crypto;
			sourceTree = "<group>";
		};
/* End PBXGroup section */

/* Begin PBXNativeTarget section */
		9E36AFAF2733FAF9002FD709 /* SafeCryptoTrader */ = {
			isa = PBXNativeTarget;
			buildConfigurationList = 9E36AFC72733FAFA002FD709 /* Build configuration list for PBXNativeTarget "SafeCryptoTrader" */;
			buildPhases = (
				9A71A298034C3611743A703D /* [CP] Check Pods Manifest.lock */,
				9E36AFAC2733FAF9002FD709 /* Sources */,
				9E36AFAD2733FAF9002FD709 /* Frameworks */,
				9E36AFAE2733FAF9002FD709 /* Resources */,
				68EE00417F071484E4FA3866 /* [CP] Embed Pods Frameworks */,
			);
			buildRules = (
			);
			dependencies = (
			);
			name = SafeCryptoTrader;
			productName = SafeCryptoTrader;
			productReference = 9E36AFB02733FAF9002FD709 /* SafeCryptoTrader.app */;
			productType = "com.apple.product-type.application";
		};
/* End PBXNativeTarget section */

/* Begin PBXProject section */
		9E36AFA82733FAF9002FD709 /* Project object */ = {
			isa = PBXProject;
			attributes = {
				BuildIndependentTargetsInParallel = 1;
				LastSwiftUpdateCheck = 1310;
				LastUpgradeCheck = 1310;
				TargetAttributes = {
					9E36AFAF2733FAF9002FD709 = {
						CreatedOnToolsVersion = 13.1;
					};
				};
			};
			buildConfigurationList = 9E36AFAB2733FAF9002FD709 /* Build configuration list for PBXProject "SafeCryptoTrader" */;
			compatibilityVersion = "Xcode 13.0";
			developmentRegion = en;
			hasScannedForEncodings = 0;
			knownRegions = (
				en,
				Base,
			);
			mainGroup = 9E36AFA72733FAF9002FD709;
			productRefGroup = 9E36AFB12733FAF9002FD709 /* Products */;
			projectDirPath = "";
			projectRoot = "";
			targets = (
				9E36AFAF2733FAF9002FD709 /* SafeCryptoTrader */,
			);
		};
/* End PBXProject section */

/* Begin PBXResourcesBuildPhase section */
		9E36AFAE2733FAF9002FD709 /* Resources */ = {
			isa = PBXResourcesBuildPhase;
			buildActionMask = 2147483647;
			files = (
				9E36AFC32733FAFA002FD709 /* LaunchScreen.storyboard in Resources */,
				9E36B003273654B5002FD709 /* GoogleService-Info.plist in Resources */,
				9E36AFC02733FAFA002FD709 /* Assets.xcassets in Resources */,
				9E36AFBB2733FAF9002FD709 /* Main.storyboard in Resources */,
			);
			runOnlyForDeploymentPostprocessing = 0;
		};
/* End PBXResourcesBuildPhase section */

/* Begin PBXShellScriptBuildPhase section */
		68EE00417F071484E4FA3866 /* [CP] Embed Pods Frameworks */ = {
			isa = PBXShellScriptBuildPhase;
			buildActionMask = 2147483647;
			files = (
			);
			inputFileListPaths = (
				"${PODS_ROOT}/Target Support Files/Pods-SafeCryptoTrader/Pods-SafeCryptoTrader-frameworks-${CONFIGURATION}-input-files.xcfilelist",
			);
			name = "[CP] Embed Pods Frameworks";
			outputFileListPaths = (
				"${PODS_ROOT}/Target Support Files/Pods-SafeCryptoTrader/Pods-SafeCryptoTrader-frameworks-${CONFIGURATION}-output-files.xcfilelist",
			);
			runOnlyForDeploymentPostprocessing = 0;
			shellPath = /bin/sh;
			shellScript = "\"${PODS_ROOT}/Target Support Files/Pods-SafeCryptoTrader/Pods-SafeCryptoTrader-frameworks.sh\"\n";
			showEnvVarsInLog = 0;
		};
		9A71A298034C3611743A703D /* [CP] Check Pods Manifest.lock */ = {
			isa = PBXShellScriptBuildPhase;
			buildActionMask = 2147483647;
			files = (
			);
			inputFileListPaths = (
			);
			inputPaths = (
				"${PODS_PODFILE_DIR_PATH}/Podfile.lock",
				"${PODS_ROOT}/Manifest.lock",
			);
			name = "[CP] Check Pods Manifest.lock";
			outputFileListPaths = (
			);
			outputPaths = (
				"$(DERIVED_FILE_DIR)/Pods-SafeCryptoTrader-checkManifestLockResult.txt",
			);
			runOnlyForDeploymentPostprocessing = 0;
			shellPath = /bin/sh;
			shellScript = "diff \"${PODS_PODFILE_DIR_PATH}/Podfile.lock\" \"${PODS_ROOT}/Manifest.lock\" > /dev/null\nif [ $? != 0 ] ; then\n    # print error to STDERR\n    echo \"error: The sandbox is not in sync with the Podfile.lock. Run 'pod install' or update your CocoaPods installation.\" >&2\n    exit 1\nfi\n# This output is used by Xcode 'outputs' to avoid re-running this script phase.\necho \"SUCCESS\" > \"${SCRIPT_OUTPUT_FILE_0}\"\n";
			showEnvVarsInLog = 0;
		};
/* End PBXShellScriptBuildPhase section */

/* Begin PBXSourcesBuildPhase section */
		9E36AFAC2733FAF9002FD709 /* Sources */ = {
			isa = PBXSourcesBuildPhase;
			buildActionMask = 2147483647;
			files = (
				9E36AFE52734509D002FD709 /* FormHelper.swift in Sources */,
				9E36AFE727346321002FD709 /* TabBarController.swift in Sources */,
				9E36AFF72735205F002FD709 /* BitcoinPriceResponse.swift in Sources */,
				9E36AFB42733FAF9002FD709 /* AppDelegate.swift in Sources */,
				9E36AFE327344DF1002FD709 /* UserRepository.swift in Sources */,
				9E36AFF327351F06002FD709 /* CryptoService.swift in Sources */,
				9E36AFF127347419002FD709 /* User.swift in Sources */,
				9E36B0012735989A002FD709 /* DateFormatter.swift in Sources */,
				9E36AFD82734286D002FD709 /* SignUpViewController.swift in Sources */,
				9E36AFFB27354B21002FD709 /* FormattingHelper.swift in Sources */,
				ABD6E3EF273AA104008E046E /* OrientationHelper.swift in Sources */,
				9E36AFB62733FAF9002FD709 /* SceneDelegate.swift in Sources */,
				9E36AFF9273520EE002FD709 /* BitcoinPrice.swift in Sources */,
				9E36AFDB273428A4002FD709 /* HomeViewController.swift in Sources */,
				9E36AFFF27359454002FD709 /* TransactionTableViewCell.swift in Sources */,
				9E36AFFD27356A7E002FD709 /* Currency.swift in Sources */,
				ABD6E3ED273A91F0008E046E /* AuthenticationService.swift in Sources */,
				9E36AFEB27346CDF002FD709 /* Constants.swift in Sources */,
				9E36AFDD27342C45002FD709 /* StartupViewController.swift in Sources */,
				9E36AFED27346E2B002FD709 /* ExchangeViewController.swift in Sources */,
				9E36AFE927346C7A002FD709 /* UiHelper.swift in Sources */,
				9E36AFD227342040002FD709 /* LoginViewController.swift in Sources */,
				9E36AFEF27346E58002FD709 /* ProfileViewController.swift in Sources */,
				9E36AFD6273426F2002FD709 /* Alerts.swift in Sources */,
				9E36AFBE2733FAF9002FD709 /* SafeCryptoTrader.xcdatamodeld in Sources */,
			);
			runOnlyForDeploymentPostprocessing = 0;
		};
/* End PBXSourcesBuildPhase section */

/* Begin PBXVariantGroup section */
		9E36AFB92733FAF9002FD709 /* Main.storyboard */ = {
			isa = PBXVariantGroup;
			children = (
				9E36AFBA2733FAF9002FD709 /* Base */,
			);
			name = Main.storyboard;
			sourceTree = "<group>";
		};
		9E36AFC12733FAFA002FD709 /* LaunchScreen.storyboard */ = {
			isa = PBXVariantGroup;
			children = (
				9E36AFC22733FAFA002FD709 /* Base */,
			);
			name = LaunchScreen.storyboard;
			sourceTree = "<group>";
		};
/* End PBXVariantGroup section */

/* Begin XCBuildConfiguration section */
		9E36AFC52733FAFA002FD709 /* Debug */ = {
			isa = XCBuildConfiguration;
			buildSettings = {
				ALWAYS_SEARCH_USER_PATHS = NO;
				CLANG_ANALYZER_NONNULL = YES;
				CLANG_ANALYZER_NUMBER_OBJECT_CONVERSION = YES_AGGRESSIVE;
				CLANG_CXX_LANGUAGE_STANDARD = "gnu++17";
				CLANG_CXX_LIBRARY = "libc++";
				CLANG_ENABLE_MODULES = YES;
				CLANG_ENABLE_OBJC_ARC = YES;
				CLANG_ENABLE_OBJC_WEAK = YES;
				CLANG_WARN_BLOCK_CAPTURE_AUTORELEASING = YES;
				CLANG_WARN_BOOL_CONVERSION = YES;
				CLANG_WARN_COMMA = YES;
				CLANG_WARN_CONSTANT_CONVERSION = YES;
				CLANG_WARN_DEPRECATED_OBJC_IMPLEMENTATIONS = YES;
				CLANG_WARN_DIRECT_OBJC_ISA_USAGE = YES_ERROR;
				CLANG_WARN_DOCUMENTATION_COMMENTS = YES;
				CLANG_WARN_EMPTY_BODY = YES;
				CLANG_WARN_ENUM_CONVERSION = YES;
				CLANG_WARN_INFINITE_RECURSION = YES;
				CLANG_WARN_INT_CONVERSION = YES;
				CLANG_WARN_NON_LITERAL_NULL_CONVERSION = YES;
				CLANG_WARN_OBJC_IMPLICIT_RETAIN_SELF = YES;
				CLANG_WARN_OBJC_LITERAL_CONVERSION = YES;
				CLANG_WARN_OBJC_ROOT_CLASS = YES_ERROR;
				CLANG_WARN_QUOTED_INCLUDE_IN_FRAMEWORK_HEADER = YES;
				CLANG_WARN_RANGE_LOOP_ANALYSIS = YES;
				CLANG_WARN_STRICT_PROTOTYPES = YES;
				CLANG_WARN_SUSPICIOUS_MOVE = YES;
				CLANG_WARN_UNGUARDED_AVAILABILITY = YES_AGGRESSIVE;
				CLANG_WARN_UNREACHABLE_CODE = YES;
				CLANG_WARN__DUPLICATE_METHOD_MATCH = YES;
				COPY_PHASE_STRIP = NO;
				DEBUG_INFORMATION_FORMAT = dwarf;
				ENABLE_STRICT_OBJC_MSGSEND = YES;
				ENABLE_TESTABILITY = YES;
				GCC_C_LANGUAGE_STANDARD = gnu11;
				GCC_DYNAMIC_NO_PIC = NO;
				GCC_NO_COMMON_BLOCKS = YES;
				GCC_OPTIMIZATION_LEVEL = 0;
				GCC_PREPROCESSOR_DEFINITIONS = (
					"DEBUG=1",
					"$(inherited)",
				);
				GCC_WARN_64_TO_32_BIT_CONVERSION = YES;
				GCC_WARN_ABOUT_RETURN_TYPE = YES_ERROR;
				GCC_WARN_UNDECLARED_SELECTOR = YES;
				GCC_WARN_UNINITIALIZED_AUTOS = YES_AGGRESSIVE;
				GCC_WARN_UNUSED_FUNCTION = YES;
				GCC_WARN_UNUSED_VARIABLE = YES;
				IPHONEOS_DEPLOYMENT_TARGET = 15.0;
				MTL_ENABLE_DEBUG_INFO = INCLUDE_SOURCE;
				MTL_FAST_MATH = YES;
				ONLY_ACTIVE_ARCH = YES;
				SDKROOT = iphoneos;
				SWIFT_ACTIVE_COMPILATION_CONDITIONS = DEBUG;
				SWIFT_OPTIMIZATION_LEVEL = "-Onone";
			};
			name = Debug;
		};
		9E36AFC62733FAFA002FD709 /* Release */ = {
			isa = XCBuildConfiguration;
			buildSettings = {
				ALWAYS_SEARCH_USER_PATHS = NO;
				CLANG_ANALYZER_NONNULL = YES;
				CLANG_ANALYZER_NUMBER_OBJECT_CONVERSION = YES_AGGRESSIVE;
				CLANG_CXX_LANGUAGE_STANDARD = "gnu++17";
				CLANG_CXX_LIBRARY = "libc++";
				CLANG_ENABLE_MODULES = YES;
				CLANG_ENABLE_OBJC_ARC = YES;
				CLANG_ENABLE_OBJC_WEAK = YES;
				CLANG_WARN_BLOCK_CAPTURE_AUTORELEASING = YES;
				CLANG_WARN_BOOL_CONVERSION = YES;
				CLANG_WARN_COMMA = YES;
				CLANG_WARN_CONSTANT_CONVERSION = YES;
				CLANG_WARN_DEPRECATED_OBJC_IMPLEMENTATIONS = YES;
				CLANG_WARN_DIRECT_OBJC_ISA_USAGE = YES_ERROR;
				CLANG_WARN_DOCUMENTATION_COMMENTS = YES;
				CLANG_WARN_EMPTY_BODY = YES;
				CLANG_WARN_ENUM_CONVERSION = YES;
				CLANG_WARN_INFINITE_RECURSION = YES;
				CLANG_WARN_INT_CONVERSION = YES;
				CLANG_WARN_NON_LITERAL_NULL_CONVERSION = YES;
				CLANG_WARN_OBJC_IMPLICIT_RETAIN_SELF = YES;
				CLANG_WARN_OBJC_LITERAL_CONVERSION = YES;
				CLANG_WARN_OBJC_ROOT_CLASS = YES_ERROR;
				CLANG_WARN_QUOTED_INCLUDE_IN_FRAMEWORK_HEADER = YES;
				CLANG_WARN_RANGE_LOOP_ANALYSIS = YES;
				CLANG_WARN_STRICT_PROTOTYPES = YES;
				CLANG_WARN_SUSPICIOUS_MOVE = YES;
				CLANG_WARN_UNGUARDED_AVAILABILITY = YES_AGGRESSIVE;
				CLANG_WARN_UNREACHABLE_CODE = YES;
				CLANG_WARN__DUPLICATE_METHOD_MATCH = YES;
				COPY_PHASE_STRIP = NO;
				DEBUG_INFORMATION_FORMAT = "dwarf-with-dsym";
				ENABLE_NS_ASSERTIONS = NO;
				ENABLE_STRICT_OBJC_MSGSEND = YES;
				GCC_C_LANGUAGE_STANDARD = gnu11;
				GCC_NO_COMMON_BLOCKS = YES;
				GCC_WARN_64_TO_32_BIT_CONVERSION = YES;
				GCC_WARN_ABOUT_RETURN_TYPE = YES_ERROR;
				GCC_WARN_UNDECLARED_SELECTOR = YES;
				GCC_WARN_UNINITIALIZED_AUTOS = YES_AGGRESSIVE;
				GCC_WARN_UNUSED_FUNCTION = YES;
				GCC_WARN_UNUSED_VARIABLE = YES;
				IPHONEOS_DEPLOYMENT_TARGET = 15.0;
				MTL_ENABLE_DEBUG_INFO = NO;
				MTL_FAST_MATH = YES;
				SDKROOT = iphoneos;
				SWIFT_COMPILATION_MODE = wholemodule;
				SWIFT_OPTIMIZATION_LEVEL = "-O";
				VALIDATE_PRODUCT = YES;
			};
			name = Release;
		};
		9E36AFC82733FAFA002FD709 /* Debug */ = {
			isa = XCBuildConfiguration;
			baseConfigurationReference = D3EBD03BACFAEB7F4B42FE47 /* Pods-SafeCryptoTrader.debug.xcconfig */;
			buildSettings = {
				ASSETCATALOG_COMPILER_APPICON_NAME = AppIcon;
				ASSETCATALOG_COMPILER_GLOBAL_ACCENT_COLOR_NAME = AccentColor;
				CODE_SIGN_STYLE = Automatic;
				CURRENT_PROJECT_VERSION = 1;
				DEVELOPMENT_TEAM = RW556GHV3W;
				GENERATE_INFOPLIST_FILE = YES;
				INFOPLIST_FILE = SafeCryptoTrader/Info.plist;
				INFOPLIST_KEY_UIApplicationSupportsIndirectInputEvents = YES;
				INFOPLIST_KEY_UILaunchStoryboardName = LaunchScreen;
				INFOPLIST_KEY_UIMainStoryboardFile = Main;
				INFOPLIST_KEY_UISupportedInterfaceOrientations = UIInterfaceOrientationPortrait;
				INFOPLIST_KEY_UISupportedInterfaceOrientations_iPad = "UIInterfaceOrientationPortrait UIInterfaceOrientationPortraitUpsideDown UIInterfaceOrientationLandscapeLeft UIInterfaceOrientationLandscapeRight";
				INFOPLIST_KEY_UISupportedInterfaceOrientations_iPhone = "UIInterfaceOrientationPortrait UIInterfaceOrientationLandscapeLeft UIInterfaceOrientationLandscapeRight";
				LD_RUNPATH_SEARCH_PATHS = (
					"$(inherited)",
					"@executable_path/Frameworks",
				);
				MARKETING_VERSION = 1.0;
				PRODUCT_BUNDLE_IDENTIFIER = Udacity.Angelina.SafeCryptoTrader;
				PRODUCT_NAME = "$(TARGET_NAME)";
				SWIFT_EMIT_LOC_STRINGS = YES;
				SWIFT_VERSION = 5.0;
				TARGETED_DEVICE_FAMILY = "1,2";
			};
			name = Debug;
		};
		9E36AFC92733FAFA002FD709 /* Release */ = {
			isa = XCBuildConfiguration;
			baseConfigurationReference = B94D747EA8F03490B88873B3 /* Pods-SafeCryptoTrader.release.xcconfig */;
			buildSettings = {
				ASSETCATALOG_COMPILER_APPICON_NAME = AppIcon;
				ASSETCATALOG_COMPILER_GLOBAL_ACCENT_COLOR_NAME = AccentColor;
				CODE_SIGN_STYLE = Automatic;
				CURRENT_PROJECT_VERSION = 1;
				DEVELOPMENT_TEAM = RW556GHV3W;
				GENERATE_INFOPLIST_FILE = YES;
				INFOPLIST_FILE = SafeCryptoTrader/Info.plist;
				INFOPLIST_KEY_UIApplicationSupportsIndirectInputEvents = YES;
				INFOPLIST_KEY_UILaunchStoryboardName = LaunchScreen;
				INFOPLIST_KEY_UIMainStoryboardFile = Main;
				INFOPLIST_KEY_UISupportedInterfaceOrientations = UIInterfaceOrientationPortrait;
				INFOPLIST_KEY_UISupportedInterfaceOrientations_iPad = "UIInterfaceOrientationPortrait UIInterfaceOrientationPortraitUpsideDown UIInterfaceOrientationLandscapeLeft UIInterfaceOrientationLandscapeRight";
				INFOPLIST_KEY_UISupportedInterfaceOrientations_iPhone = "UIInterfaceOrientationPortrait UIInterfaceOrientationLandscapeLeft UIInterfaceOrientationLandscapeRight";
				LD_RUNPATH_SEARCH_PATHS = (
					"$(inherited)",
					"@executable_path/Frameworks",
				);
				MARKETING_VERSION = 1.0;
				PRODUCT_BUNDLE_IDENTIFIER = Udacity.Angelina.SafeCryptoTrader;
				PRODUCT_NAME = "$(TARGET_NAME)";
				SWIFT_EMIT_LOC_STRINGS = YES;
				SWIFT_VERSION = 5.0;
				TARGETED_DEVICE_FAMILY = "1,2";
			};
			name = Release;
		};
/* End XCBuildConfiguration section */

/* Begin XCConfigurationList section */
		9E36AFAB2733FAF9002FD709 /* Build configuration list for PBXProject "SafeCryptoTrader" */ = {
			isa = XCConfigurationList;
			buildConfigurations = (
				9E36AFC52733FAFA002FD709 /* Debug */,
				9E36AFC62733FAFA002FD709 /* Release */,
			);
			defaultConfigurationIsVisible = 0;
			defaultConfigurationName = Release;
		};
		9E36AFC72733FAFA002FD709 /* Build configuration list for PBXNativeTarget "SafeCryptoTrader" */ = {
			isa = XCConfigurationList;
			buildConfigurations = (
				9E36AFC82733FAFA002FD709 /* Debug */,
				9E36AFC92733FAFA002FD709 /* Release */,
			);
			defaultConfigurationIsVisible = 0;
			defaultConfigurationName = Release;
		};
/* End XCConfigurationList section */

/* Begin XCVersionGroup section */
		9E36AFBC2733FAF9002FD709 /* SafeCryptoTrader.xcdatamodeld */ = {
			isa = XCVersionGroup;
			children = (
				9E36AFBD2733FAF9002FD709 /* SafeCryptoTrader.xcdatamodel */,
			);
			currentVersion = 9E36AFBD2733FAF9002FD709 /* SafeCryptoTrader.xcdatamodel */;
			path = SafeCryptoTrader.xcdatamodeld;
			sourceTree = "<group>";
			versionGroupType = wrapper.xcdatamodel;
		};
/* End XCVersionGroup section */
	};
	rootObject = 9E36AFA82733FAF9002FD709 /* Project object */;
}
